
Microsoft Visual Studio Solution File, Format Version 12.00
# Visual Studio Version 16
VisualStudioVersion = 16.0.29306.81
MinimumVisualStudioVersion = 10.0.40219.1
Project("{FAE04EC0-301F-11D3-BF4B-00C04F79EFBC}") = "BusinessMap", "BusinessMap\BusinessMap.csproj", "{3ADE355A-A1C5-4D09-85DC-A82220518F48}"
EndProject
Global
	GlobalSection(SolutionConfigurationPlatforms) = preSolution
		Debug|Any CPU = Debug|Any CPU
		Release|Any CPU = Release|Any CPU
	EndGlobalSection
	GlobalSection(ProjectConfigurationPlatforms) = postSolution
		{3ADE355A-A1C5-4D09-85DC-A82220518F48}.Debug|Any CPU.ActiveCfg = Debug|Any CPU
		{3ADE355A-A1C5-4D09-85DC-A82220518F48}.Debug|Any CPU.Build.0 = Debug|Any CPU
		{3ADE355A-A1C5-4D09-85DC-A82220518F48}.Release|Any CPU.ActiveCfg = Release|Any CPU
		{3ADE355A-A1C5-4D09-85DC-A82220518F48}.Release|Any CPU.Build.0 = Release|Any CPU
	EndGlobalSection
	GlobalSection(SolutionProperties) = preSolution
		HideSolutionNode = FALSE
	EndGlobalSection
	GlobalSection(ExtensibilityGlobals) = postSolution
		SolutionGuid = {F2D25DC0-889F-472E-9600-7D8CEC2FC2D1}
	EndGlobalSection
EndGlobal
